// !$*UTF8*$!
{
	archiveVersion = 1;
	classes = {
	};
	objectVersion = 55;
	objects = {

/* Begin PBXBuildFile section */
		C5856E6D28D879E500B6677D /* WeatherNowApp.swift in Sources */ = {isa = PBXBuildFile; fileRef = C5856E6C28D879E500B6677D /* WeatherNowApp.swift */; };
		C5856E6F28D879E500B6677D /* ContentView.swift in Sources */ = {isa = PBXBuildFile; fileRef = C5856E6E28D879E500B6677D /* ContentView.swift */; };
		C5856E7128D879E700B6677D /* Assets.xcassets in Resources */ = {isa = PBXBuildFile; fileRef = C5856E7028D879E700B6677D /* Assets.xcassets */; };
		C5856E7428D879E700B6677D /* Preview Assets.xcassets in Resources */ = {isa = PBXBuildFile; fileRef = C5856E7328D879E700B6677D /* Preview Assets.xcassets */; };
		C5856E7B28D87D0600B6677D /* LocationManager.swift in Sources */ = {isa = PBXBuildFile; fileRef = C5856E7A28D87D0600B6677D /* LocationManager.swift */; };
		C5856E8028D87EB700B6677D /* WelcomeView.swift in Sources */ = {isa = PBXBuildFile; fileRef = C5856E7F28D87EB700B6677D /* WelcomeView.swift */; };
		C5856E8228D8823400B6677D /* LoadingView.swift in Sources */ = {isa = PBXBuildFile; fileRef = C5856E8128D8823400B6677D /* LoadingView.swift */; };
		C5856E8528D8849C00B6677D /* WeatherManager.swift in Sources */ = {isa = PBXBuildFile; fileRef = C5856E8428D8849C00B6677D /* WeatherManager.swift */; };
		C5856E8728D885F800B6677D /* WeatherAPIKey.swift in Sources */ = {isa = PBXBuildFile; fileRef = C5856E8628D885F800B6677D /* WeatherAPIKey.swift */; };
		C5856E8A28D887EB00B6677D /* WeatherData.swift in Sources */ = {isa = PBXBuildFile; fileRef = C5856E8928D887EB00B6677D /* WeatherData.swift */; };
		C5856E8C28D889DE00B6677D /* WeatherView.swift in Sources */ = {isa = PBXBuildFile; fileRef = C5856E8B28D889DE00B6677D /* WeatherView.swift */; };
		C5856E8E28D88A9000B6677D /* ModelData.swift in Sources */ = {isa = PBXBuildFile; fileRef = C5856E8D28D88A9000B6677D /* ModelData.swift */; };
		C5856E9028D88AA400B6677D /* weatherData.json in Resources */ = {isa = PBXBuildFile; fileRef = C5856E8F28D88AA400B6677D /* weatherData.json */; };
		C5856E9228D88BBD00B6677D /* Extensions.swift in Sources */ = {isa = PBXBuildFile; fileRef = C5856E9128D88BBD00B6677D /* Extensions.swift */; };
		C5856E9528D8930000B6677D /* WeatherRow.swift in Sources */ = {isa = PBXBuildFile; fileRef = C5856E9428D8930000B6677D /* WeatherRow.swift */; };
/* End PBXBuildFile section */

/* Begin PBXFileReference section */
		C5856E6928D879E500B6677D /* WeatherNow.app */ = {isa = PBXFileReference; explicitFileType = wrapper.application; includeInIndex = 0; path = WeatherNow.app; sourceTree = BUILT_PRODUCTS_DIR; };
		C5856E6C28D879E500B6677D /* WeatherNowApp.swift */ = {isa = PBXFileReference; lastKnownFileType = sourcecode.swift; path = WeatherNowApp.swift; sourceTree = "<group>"; };
		C5856E6E28D879E500B6677D /* ContentView.swift */ = {isa = PBXFileReference; lastKnownFileType = sourcecode.swift; path = ContentView.swift; sourceTree = "<group>"; };
		C5856E7028D879E700B6677D /* Assets.xcassets */ = {isa = PBXFileReference; lastKnownFileType = folder.assetcatalog; path = Assets.xcassets; sourceTree = "<group>"; };
		C5856E7328D879E700B6677D /* Preview Assets.xcassets */ = {isa = PBXFileReference; lastKnownFileType = folder.assetcatalog; path = "Preview Assets.xcassets"; sourceTree = "<group>"; };
		C5856E7A28D87D0600B6677D /* LocationManager.swift */ = {isa = PBXFileReference; lastKnownFileType = sourcecode.swift; path = LocationManager.swift; sourceTree = "<group>"; };
		C5856E7F28D87EB700B6677D /* WelcomeView.swift */ = {isa = PBXFileReference; lastKnownFileType = sourcecode.swift; path = WelcomeView.swift; sourceTree = "<group>"; };
		C5856E8128D8823400B6677D /* LoadingView.swift */ = {isa = PBXFileReference; lastKnownFileType = sourcecode.swift; path = LoadingView.swift; sourceTree = "<group>"; };
		C5856E8428D8849C00B6677D /* WeatherManager.swift */ = {isa = PBXFileReference; lastKnownFileType = sourcecode.swift; path = WeatherManager.swift; sourceTree = "<group>"; };
		C5856E8628D885F800B6677D /* WeatherAPIKey.swift */ = {isa = PBXFileReference; lastKnownFileType = sourcecode.swift; path = WeatherAPIKey.swift; sourceTree = "<group>"; };
		C5856E8928D887EB00B6677D /* WeatherData.swift */ = {isa = PBXFileReference; lastKnownFileType = sourcecode.swift; path = WeatherData.swift; sourceTree = "<group>"; };
		C5856E8B28D889DE00B6677D /* WeatherView.swift */ = {isa = PBXFileReference; lastKnownFileType = sourcecode.swift; path = WeatherView.swift; sourceTree = "<group>"; };
		C5856E8D28D88A9000B6677D /* ModelData.swift */ = {isa = PBXFileReference; lastKnownFileType = sourcecode.swift; path = ModelData.swift; sourceTree = "<group>"; };
		C5856E8F28D88AA400B6677D /* weatherData.json */ = {isa = PBXFileReference; lastKnownFileType = text.json; path = weatherData.json; sourceTree = "<group>"; };
		C5856E9128D88BBD00B6677D /* Extensions.swift */ = {isa = PBXFileReference; lastKnownFileType = sourcecode.swift; path = Extensions.swift; sourceTree = "<group>"; };
		C5856E9428D8930000B6677D /* WeatherRow.swift */ = {isa = PBXFileReference; lastKnownFileType = sourcecode.swift; path = WeatherRow.swift; sourceTree = "<group>"; };
/* End PBXFileReference section */

/* Begin PBXFrameworksBuildPhase section */
		C5856E6628D879E500B6677D /* Frameworks */ = {
			isa = PBXFrameworksBuildPhase;
			buildActionMask = 2147483647;
			files = (
			);
			runOnlyForDeploymentPostprocessing = 0;
		};
/* End PBXFrameworksBuildPhase section */

/* Begin PBXGroup section */
		C5856E6028D879E500B6677D = {
			isa = PBXGroup;
			children = (
				C5856E6B28D879E500B6677D /* WeatherNow */,
				C5856E6A28D879E500B6677D /* Products */,
			);
			sourceTree = "<group>";
		};
		C5856E6A28D879E500B6677D /* Products */ = {
			isa = PBXGroup;
			children = (
				C5856E6928D879E500B6677D /* WeatherNow.app */,
			);
			name = Products;
			sourceTree = "<group>";
		};
		C5856E6B28D879E500B6677D /* WeatherNow */ = {
			isa = PBXGroup;
			children = (
				C5856E9328D892E200B6677D /* Components */,
				C5856E8828D887E000B6677D /* Model */,
				C5856E8328D8846D00B6677D /* Manager */,
				C5856E7C28D87E2A00B6677D /* Views */,
				C5856E6C28D879E500B6677D /* WeatherNowApp.swift */,
				C5856E7028D879E700B6677D /* Assets.xcassets */,
				C5856E7228D879E700B6677D /* Preview Content */,
				C5856E9128D88BBD00B6677D /* Extensions.swift */,
			);
			path = WeatherNow;
			sourceTree = "<group>";
		};
		C5856E7228D879E700B6677D /* Preview Content */ = {
			isa = PBXGroup;
			children = (
				C5856E7328D879E700B6677D /* Preview Assets.xcassets */,
				C5856E8D28D88A9000B6677D /* ModelData.swift */,
				C5856E8F28D88AA400B6677D /* weatherData.json */,
			);
			path = "Preview Content";
			sourceTree = "<group>";
		};
		C5856E7C28D87E2A00B6677D /* Views */ = {
			isa = PBXGroup;
			children = (
				C5856E6E28D879E500B6677D /* ContentView.swift */,
				C5856E7F28D87EB700B6677D /* WelcomeView.swift */,
				C5856E8128D8823400B6677D /* LoadingView.swift */,
				C5856E8B28D889DE00B6677D /* WeatherView.swift */,
			);
			path = Views;
			sourceTree = "<group>";
		};
		C5856E8328D8846D00B6677D /* Manager */ = {
			isa = PBXGroup;
			children = (
				C5856E7A28D87D0600B6677D /* LocationManager.swift */,
				C5856E8428D8849C00B6677D /* WeatherManager.swift */,
				C5856E8628D885F800B6677D /* WeatherAPIKey.swift */,
			);
			path = Manager;
			sourceTree = "<group>";
		};
		C5856E8828D887E000B6677D /* Model */ = {
			isa = PBXGroup;
			children = (
				C5856E8928D887EB00B6677D /* WeatherData.swift */,
			);
			path = Model;
			sourceTree = "<group>";
		};
		C5856E9328D892E200B6677D /* Components */ = {
			isa = PBXGroup;
			children = (
				C5856E9428D8930000B6677D /* WeatherRow.swift */,
			);
			path = Components;
			sourceTree = "<group>";
		};
/* End PBXGroup section */

/* Begin PBXNativeTarget section */
		C5856E6828D879E500B6677D /* WeatherNow */ = {
			isa = PBXNativeTarget;
			buildConfigurationList = C5856E7728D879E700B6677D /* Build configuration list for PBXNativeTarget "WeatherNow" */;
			buildPhases = (
				C5856E6528D879E500B6677D /* Sources */,
				C5856E6628D879E500B6677D /* Frameworks */,
				C5856E6728D879E500B6677D /* Resources */,
			);
			buildRules = (
			);
			dependencies = (
			);
			name = WeatherNow;
			productName = WeatherNow;
			productReference = C5856E6928D879E500B6677D /* WeatherNow.app */;
			productType = "com.apple.product-type.application";
		};
/* End PBXNativeTarget section */

/* Begin PBXProject section */
		C5856E6128D879E500B6677D /* Project object */ = {
			isa = PBXProject;
			attributes = {
				BuildIndependentTargetsInParallel = 1;
				LastSwiftUpdateCheck = 1400;
				LastUpgradeCheck = 1400;
				TargetAttributes = {
					C5856E6828D879E500B6677D = {
						CreatedOnToolsVersion = 14.0;
					};
				};
			};
			buildConfigurationList = C5856E6428D879E500B6677D /* Build configuration list for PBXProject "WeatherNow" */;
			compatibilityVersion = "Xcode 13.0";
			developmentRegion = en;
			hasScannedForEncodings = 0;
			knownRegions = (
				en,
				Base,
			);
			mainGroup = C5856E6028D879E500B6677D;
			productRefGroup = C5856E6A28D879E500B6677D /* Products */;
			projectDirPath = "";
			projectRoot = "";
			targets = (
				C5856E6828D879E500B6677D /* WeatherNow */,
			);
		};
/* End PBXProject section */

/* Begin PBXResourcesBuildPhase section */
		C5856E6728D879E500B6677D /* Resources */ = {
			isa = PBXResourcesBuildPhase;
			buildActionMask = 2147483647;
			files = (
				C5856E7428D879E700B6677D /* Preview Assets.xcassets in Resources */,
				C5856E9028D88AA400B6677D /* weatherData.json in Resources */,
				C5856E7128D879E700B6677D /* Assets.xcassets in Resources */,
			);
			runOnlyForDeploymentPostprocessing = 0;
		};
/* End PBXResourcesBuildPhase section */

/* Begin PBXSourcesBuildPhase section */
		C5856E6528D879E500B6677D /* Sources */ = {
			isa = PBXSourcesBuildPhase;
			buildActionMask = 2147483647;
			files = (
				C5856E8528D8849C00B6677D /* WeatherManager.swift in Sources */,
				C5856E8028D87EB700B6677D /* WelcomeView.swift in Sources */,
				C5856E6F28D879E500B6677D /* ContentView.swift in Sources */,
				C5856E9528D8930000B6677D /* WeatherRow.swift in Sources */,
				C5856E8728D885F800B6677D /* WeatherAPIKey.swift in Sources */,
				C5856E6D28D879E500B6677D /* WeatherNowApp.swift in Sources */,
				C5856E7B28D87D0600B6677D /* LocationManager.swift in Sources */,
				C5856E8C28D889DE00B6677D /* WeatherView.swift in Sources */,
				C5856E8E28D88A9000B6677D /* ModelData.swift in Sources */,
				C5856E8A28D887EB00B6677D /* WeatherData.swift in Sources */,
				C5856E9228D88BBD00B6677D /* Extensions.swift in Sources */,
				C5856E8228D8823400B6677D /* LoadingView.swift in Sources */,
			);
			runOnlyForDeploymentPostprocessing = 0;
		};
/* End PBXSourcesBuildPhase section */

/* Begin XCBuildConfiguration section */
		C5856E7528D879E700B6677D /* Debug */ = {
			isa = XCBuildConfiguration;
			buildSettings = {
				ALWAYS_SEARCH_USER_PATHS = NO;
				CLANG_ANALYZER_NONNULL = YES;
				CLANG_ANALYZER_NUMBER_OBJECT_CONVERSION = YES_AGGRESSIVE;
				CLANG_CXX_LANGUAGE_STANDARD = "gnu++20";
				CLANG_ENABLE_MODULES = YES;
				CLANG_ENABLE_OBJC_ARC = YES;
				CLANG_ENABLE_OBJC_WEAK = YES;
				CLANG_WARN_BLOCK_CAPTURE_AUTORELEASING = YES;
				CLANG_WARN_BOOL_CONVERSION = YES;
				CLANG_WARN_COMMA = YES;
				CLANG_WARN_CONSTANT_CONVERSION = YES;
				CLANG_WARN_DEPRECATED_OBJC_IMPLEMENTATIONS = YES;
				CLANG_WARN_DIRECT_OBJC_ISA_USAGE = YES_ERROR;
				CLANG_WARN_DOCUMENTATION_COMMENTS = YES;
				CLANG_WARN_EMPTY_BODY = YES;
				CLANG_WARN_ENUM_CONVERSION = YES;
				CLANG_WARN_INFINITE_RECURSION = YES;
				CLANG_WARN_INT_CONVERSION = YES;
				CLANG_WARN_NON_LITERAL_NULL_CONVERSION = YES;
				CLANG_WARN_OBJC_IMPLICIT_RETAIN_SELF = YES;
				CLANG_WARN_OBJC_LITERAL_CONVERSION = YES;
				CLANG_WARN_OBJC_ROOT_CLASS = YES_ERROR;
				CLANG_WARN_QUOTED_INCLUDE_IN_FRAMEWORK_HEADER = YES;
				CLANG_WARN_RANGE_LOOP_ANALYSIS = YES;
				CLANG_WARN_STRICT_PROTOTYPES = YES;
				CLANG_WARN_SUSPICIOUS_MOVE = YES;
				CLANG_WARN_UNGUARDED_AVAILABILITY = YES_AGGRESSIVE;
				CLANG_WARN_UNREACHABLE_CODE = YES;
				CLANG_WARN__DUPLICATE_METHOD_MATCH = YES;
				COPY_PHASE_STRIP = NO;
				DEBUG_INFORMATION_FORMAT = dwarf;
				ENABLE_STRICT_OBJC_MSGSEND = YES;
				ENABLE_TESTABILITY = YES;
				GCC_C_LANGUAGE_STANDARD = gnu11;
				GCC_DYNAMIC_NO_PIC = NO;
				GCC_NO_COMMON_BLOCKS = YES;
				GCC_OPTIMIZATION_LEVEL = 0;
				GCC_PREPROCESSOR_DEFINITIONS = (
					"DEBUG=1",
					"$(inherited)",
				);
				GCC_WARN_64_TO_32_BIT_CONVERSION = YES;
				GCC_WARN_ABOUT_RETURN_TYPE = YES_ERROR;
				GCC_WARN_UNDECLARED_SELECTOR = YES;
				GCC_WARN_UNINITIALIZED_AUTOS = YES_AGGRESSIVE;
				GCC_WARN_UNUSED_FUNCTION = YES;
				GCC_WARN_UNUSED_VARIABLE = YES;
				IPHONEOS_DEPLOYMENT_TARGET = 16.0;
				MTL_ENABLE_DEBUG_INFO = INCLUDE_SOURCE;
				MTL_FAST_MATH = YES;
				ONLY_ACTIVE_ARCH = YES;
				SDKROOT = iphoneos;
				SWIFT_ACTIVE_COMPILATION_CONDITIONS = DEBUG;
				SWIFT_OPTIMIZATION_LEVEL = "-Onone";
			};
			name = Debug;
		};
		C5856E7628D879E700B6677D /* Release */ = {
			isa = XCBuildConfiguration;
			buildSettings = {
				ALWAYS_SEARCH_USER_PATHS = NO;
				CLANG_ANALYZER_NONNULL = YES;
				CLANG_ANALYZER_NUMBER_OBJECT_CONVERSION = YES_AGGRESSIVE;
				CLANG_CXX_LANGUAGE_STANDARD = "gnu++20";
				CLANG_ENABLE_MODULES = YES;
				CLANG_ENABLE_OBJC_ARC = YES;
				CLANG_ENABLE_OBJC_WEAK = YES;
				CLANG_WARN_BLOCK_CAPTURE_AUTORELEASING = YES;
				CLANG_WARN_BOOL_CONVERSION = YES;
				CLANG_WARN_COMMA = YES;
				CLANG_WARN_CONSTANT_CONVERSION = YES;
				CLANG_WARN_DEPRECATED_OBJC_IMPLEMENTATIONS = YES;
				CLANG_WARN_DIRECT_OBJC_ISA_USAGE = YES_ERROR;
				CLANG_WARN_DOCUMENTATION_COMMENTS = YES;
				CLANG_WARN_EMPTY_BODY = YES;
				CLANG_WARN_ENUM_CONVERSION = YES;
				CLANG_WARN_INFINITE_RECURSION = YES;
				CLANG_WARN_INT_CONVERSION = YES;
				CLANG_WARN_NON_LITERAL_NULL_CONVERSION = YES;
				CLANG_WARN_OBJC_IMPLICIT_RETAIN_SELF = YES;
				CLANG_WARN_OBJC_LITERAL_CONVERSION = YES;
				CLANG_WARN_OBJC_ROOT_CLASS = YES_ERROR;
				CLANG_WARN_QUOTED_INCLUDE_IN_FRAMEWORK_HEADER = YES;
				CLANG_WARN_RANGE_LOOP_ANALYSIS = YES;
				CLANG_WARN_STRICT_PROTOTYPES = YES;
				CLANG_WARN_SUSPICIOUS_MOVE = YES;
				CLANG_WARN_UNGUARDED_AVAILABILITY = YES_AGGRESSIVE;
				CLANG_WARN_UNREACHABLE_CODE = YES;
				CLANG_WARN__DUPLICATE_METHOD_MATCH = YES;
				COPY_PHASE_STRIP = NO;
				DEBUG_INFORMATION_FORMAT = "dwarf-with-dsym";
				ENABLE_NS_ASSERTIONS = NO;
				ENABLE_STRICT_OBJC_MSGSEND = YES;
				GCC_C_LANGUAGE_STANDARD = gnu11;
				GCC_NO_COMMON_BLOCKS = YES;
				GCC_WARN_64_TO_32_BIT_CONVERSION = YES;
				GCC_WARN_ABOUT_RETURN_TYPE = YES_ERROR;
				GCC_WARN_UNDECLARED_SELECTOR = YES;
				GCC_WARN_UNINITIALIZED_AUTOS = YES_AGGRESSIVE;
				GCC_WARN_UNUSED_FUNCTION = YES;
				GCC_WARN_UNUSED_VARIABLE = YES;
				IPHONEOS_DEPLOYMENT_TARGET = 16.0;
				MTL_ENABLE_DEBUG_INFO = NO;
				MTL_FAST_MATH = YES;
				SDKROOT = iphoneos;
				SWIFT_COMPILATION_MODE = wholemodule;
				SWIFT_OPTIMIZATION_LEVEL = "-O";
				VALIDATE_PRODUCT = YES;
			};
			name = Release;
		};
		C5856E7828D879E700B6677D /* Debug */ = {
			isa = XCBuildConfiguration;
			buildSettings = {
				ASSETCATALOG_COMPILER_APPICON_NAME = AppIcon;
				ASSETCATALOG_COMPILER_GLOBAL_ACCENT_COLOR_NAME = AccentColor;
				CODE_SIGN_STYLE = Automatic;
				CURRENT_PROJECT_VERSION = 1;
				DEVELOPMENT_ASSET_PATHS = "\"WeatherNow/Preview Content\"";
				DEVELOPMENT_TEAM = 94T2DPQKGW;
				ENABLE_PREVIEWS = YES;
				GENERATE_INFOPLIST_FILE = YES;
				INFOPLIST_KEY_UIApplicationSceneManifest_Generation = YES;
				INFOPLIST_KEY_UIApplicationSupportsIndirectInputEvents = YES;
				INFOPLIST_KEY_UILaunchScreen_Generation = YES;
				INFOPLIST_KEY_UISupportedInterfaceOrientations_iPad = "UIInterfaceOrientationPortrait UIInterfaceOrientationPortraitUpsideDown UIInterfaceOrientationLandscapeLeft UIInterfaceOrientationLandscapeRight";
				INFOPLIST_KEY_UISupportedInterfaceOrientations_iPhone = "UIInterfaceOrientationPortrait UIInterfaceOrientationLandscapeLeft UIInterfaceOrientationLandscapeRight";
				IPHONEOS_DEPLOYMENT_TARGET = 15.0;
				LD_RUNPATH_SEARCH_PATHS = (
					"$(inherited)",
					"@executable_path/Frameworks",
				);
				MARKETING_VERSION = 1.0;
				PRODUCT_BUNDLE_IDENTIFIER = com.flumstudios.WeatherNow;
				PRODUCT_NAME = "$(TARGET_NAME)";
				SWIFT_EMIT_LOC_STRINGS = YES;
				SWIFT_VERSION = 5.0;
				TARGETED_DEVICE_FAMILY = "1,2";
			};
			name = Debug;
		};
		C5856E7928D879E700B6677D /* Release */ = {
			isa = XCBuildConfiguration;
			buildSettings = {
				ASSETCATALOG_COMPILER_APPICON_NAME = AppIcon;
				ASSETCATALOG_COMPILER_GLOBAL_ACCENT_COLOR_NAME = AccentColor;
				CODE_SIGN_STYLE = Automatic;
				CURRENT_PROJECT_VERSION = 1;
				DEVELOPMENT_ASSET_PATHS = "\"WeatherNow/Preview Content\"";
				DEVELOPMENT_TEAM = 94T2DPQKGW;
				ENABLE_PREVIEWS = YES;
				GENERATE_INFOPLIST_FILE = YES;
				INFOPLIST_KEY_UIApplicationSceneManifest_Generation = YES;
				INFOPLIST_KEY_UIApplicationSupportsIndirectInputEvents = YES;
				INFOPLIST_KEY_UILaunchScreen_Generation = YES;
				INFOPLIST_KEY_UISupportedInterfaceOrientations_iPad = "UIInterfaceOrientationPortrait UIInterfaceOrientationPortraitUpsideDown UIInterfaceOrientationLandscapeLeft UIInterfaceOrientationLandscapeRight";
				INFOPLIST_KEY_UISupportedInterfaceOrientations_iPhone = "UIInterfaceOrientationPortrait UIInterfaceOrientationLandscapeLeft UIInterfaceOrientationLandscapeRight";
				IPHONEOS_DEPLOYMENT_TARGET = 15.0;
				LD_RUNPATH_SEARCH_PATHS = (
					"$(inherited)",
					"@executable_path/Frameworks",
				);
				MARKETING_VERSION = 1.0;
				PRODUCT_BUNDLE_IDENTIFIER = com.flumstudios.WeatherNow;
				PRODUCT_NAME = "$(TARGET_NAME)";
				SWIFT_EMIT_LOC_STRINGS = YES;
				SWIFT_VERSION = 5.0;
				TARGETED_DEVICE_FAMILY = "1,2";
			};
			name = Release;
		};
/* End XCBuildConfiguration section */

/* Begin XCConfigurationList section */
		C5856E6428D879E500B6677D /* Build configuration list for PBXProject "WeatherNow" */ = {
			isa = XCConfigurationList;
			buildConfigurations = (
				C5856E7528D879E700B6677D /* Debug */,
				C5856E7628D879E700B6677D /* Release */,
			);
			defaultConfigurationIsVisible = 0;
			defaultConfigurationName = Release;
		};
		C5856E7728D879E700B6677D /* Build configuration list for PBXNativeTarget "WeatherNow" */ = {
			isa = XCConfigurationList;
			buildConfigurations = (
				C5856E7828D879E700B6677D /* Debug */,
				C5856E7928D879E700B6677D /* Release */,
			);
			defaultConfigurationIsVisible = 0;
			defaultConfigurationName = Release;
		};
/* End XCConfigurationList section */
	};
	rootObject = C5856E6128D879E500B6677D /* Project object */;
}
